// !$*UTF8*$!
{
	archiveVersion = 1;
	classes = {
	};
	objectVersion = 46;
	objects = {

/* Begin PBXBuildFile section */
		E53932721CD97CD000B5B329 /* AppDelegate.swift in Sources */ = {isa = PBXBuildFile; fileRef = E53932711CD97CD000B5B329 /* AppDelegate.swift */; };
		E53932741CD97CD000B5B329 /* Assets.xcassets in Resources */ = {isa = PBXBuildFile; fileRef = E53932731CD97CD000B5B329 /* Assets.xcassets */; };
		E53932771CD97CD000B5B329 /* MainMenu.xib in Resources */ = {isa = PBXBuildFile; fileRef = E53932751CD97CD000B5B329 /* MainMenu.xib */; };
		E539327F1CD97D5100B5B329 /* webviewcontroller.swift in Sources */ = {isa = PBXBuildFile; fileRef = E539327E1CD97D5100B5B329 /* webviewcontroller.swift */; };
/* End PBXBuildFile section */

/* Begin PBXFileReference section */
		E539326E1CD97CD000B5B329 /* uncognito.app */ = {isa = PBXFileReference; explicitFileType = wrapper.application; includeInIndex = 0; path = uncognito.app; sourceTree = BUILT_PRODUCTS_DIR; };
		E53932711CD97CD000B5B329 /* AppDelegate.swift */ = {isa = PBXFileReference; lastKnownFileType = sourcecode.swift; path = AppDelegate.swift; sourceTree = "<group>"; };
		E53932731CD97CD000B5B329 /* Assets.xcassets */ = {isa = PBXFileReference; lastKnownFileType = folder.assetcatalog; path = Assets.xcassets; sourceTree = "<group>"; };
		E53932761CD97CD000B5B329 /* Base */ = {isa = PBXFileReference; lastKnownFileType = file.xib; name = Base; path = Base.lproj/MainMenu.xib; sourceTree = "<group>"; };
		E53932781CD97CD000B5B329 /* Info.plist */ = {isa = PBXFileReference; lastKnownFileType = text.plist.xml; path = Info.plist; sourceTree = "<group>"; };
		E539327E1CD97D5100B5B329 /* webviewcontroller.swift */ = {isa = PBXFileReference; fileEncoding = 4; lastKnownFileType = sourcecode.swift; path = webviewcontroller.swift; sourceTree = "<group>"; };
/* End PBXFileReference section */

/* Begin PBXFrameworksBuildPhase section */
		E539326B1CD97CD000B5B329 /* Frameworks */ = {
			isa = PBXFrameworksBuildPhase;
			buildActionMask = 2147483647;
			files = (
			);
			runOnlyForDeploymentPostprocessing = 0;
		};
/* End PBXFrameworksBuildPhase section */

/* Begin PBXGroup section */
		E53932651CD97CD000B5B329 = {
			isa = PBXGroup;
			children = (
				E53932701CD97CD000B5B329 /* uncognito */,
				E539326F1CD97CD000B5B329 /* Products */,
			);
			sourceTree = "<group>";
		};
		E539326F1CD97CD000B5B329 /* Products */ = {
			isa = PBXGroup;
			children = (
				E539326E1CD97CD000B5B329 /* uncognito.app */,
			);
			name = Products;
			sourceTree = "<group>";
		};
		E53932701CD97CD000B5B329 /* uncognito */ = {
			isa = PBXGroup;
			children = (
				E53932711CD97CD000B5B329 /* AppDelegate.swift */,
				E539327E1CD97D5100B5B329 /* webviewcontroller.swift */,
				E53932731CD97CD000B5B329 /* Assets.xcassets */,
				E53932751CD97CD000B5B329 /* MainMenu.xib */,
				E53932781CD97CD000B5B329 /* Info.plist */,
			);
			path = uncognito;
			sourceTree = "<group>";
		};
/* End PBXGroup section */

/* Begin PBXNativeTarget section */
		E539326D1CD97CD000B5B329 /* uncognito */ = {
			isa = PBXNativeTarget;
			buildConfigurationList = E539327B1CD97CD000B5B329 /* Build configuration list for PBXNativeTarget "uncognito" */;
			buildPhases = (
				E539326A1CD97CD000B5B329 /* Sources */,
				E539326B1CD97CD000B5B329 /* Frameworks */,
				E539326C1CD97CD000B5B329 /* Resources */,
			);
			buildRules = (
			);
			dependencies = (
			);
			name = uncognito;
			productName = uncognito;
			productReference = E539326E1CD97CD000B5B329 /* uncognito.app */;
			productType = "com.apple.product-type.application";
		};
/* End PBXNativeTarget section */

/* Begin PBXProject section */
		E53932661CD97CD000B5B329 /* Project object */ = {
			isa = PBXProject;
			attributes = {
				LastSwiftUpdateCheck = 0730;
				LastUpgradeCheck = 0730;
				ORGANIZATIONNAME = them;
				TargetAttributes = {
					E539326D1CD97CD000B5B329 = {
						CreatedOnToolsVersion = 7.3;
					};
				};
			};
			buildConfigurationList = E53932691CD97CD000B5B329 /* Build configuration list for PBXProject "uncognito" */;
			compatibilityVersion = "Xcode 3.2";
			developmentRegion = English;
			hasScannedForEncodings = 0;
			knownRegions = (
				en,
				Base,
			);
			mainGroup = E53932651CD97CD000B5B329;
			productRefGroup = E539326F1CD97CD000B5B329 /* Products */;
			projectDirPath = "";
			projectRoot = "";
			targets = (
				E539326D1CD97CD000B5B329 /* uncognito */,
			);
		};
/* End PBXProject section */

/* Begin PBXResourcesBuildPhase section */
		E539326C1CD97CD000B5B329 /* Resources */ = {
			isa = PBXResourcesBuildPhase;
			buildActionMask = 2147483647;
			files = (
				E53932741CD97CD000B5B329 /* Assets.xcassets in Resources */,
				E53932771CD97CD000B5B329 /* MainMenu.xib in Resources */,
			);
			runOnlyForDeploymentPostprocessing = 0;
		};
/* End PBXResourcesBuildPhase section */

/* Begin PBXSourcesBuildPhase section */
		E539326A1CD97CD000B5B329 /* Sources */ = {
			isa = PBXSourcesBuildPhase;
			buildActionMask = 2147483647;
			files = (
				E53932721CD97CD000B5B329 /* AppDelegate.swift in Sources */,
				E539327F1CD97D5100B5B329 /* webviewcontroller.swift in Sources */,
			);
			runOnlyForDeploymentPostprocessing = 0;
		};
/* End PBXSourcesBuildPhase section */

/* Begin PBXVariantGroup section */
		E53932751CD97CD000B5B329 /* MainMenu.xib */ = {
			isa = PBXVariantGroup;
			children = (
				E53932761CD97CD000B5B329 /* Base */,
			);
			name = MainMenu.xib;
			sourceTree = "<group>";
		};
/* End PBXVariantGroup section */

/* Begin XCBuildConfiguration section */
		E53932791CD97CD000B5B329 /* Debug */ = {
			isa = XCBuildConfiguration;
			buildSettings = {
				ALWAYS_SEARCH_USER_PATHS = NO;
				CLANG_ANALYZER_NONNULL = YES;
				CLANG_CXX_LANGUAGE_STANDARD = "gnu++0x";
				CLANG_CXX_LIBRARY = "libc++";
				CLANG_ENABLE_MODULES = YES;
				CLANG_ENABLE_OBJC_ARC = YES;
				CLANG_WARN_BOOL_CONVERSION = YES;
				CLANG_WARN_CONSTANT_CONVERSION = YES;
				CLANG_WARN_DIRECT_OBJC_ISA_USAGE = YES_ERROR;
				CLANG_WARN_EMPTY_BODY = YES;
				CLANG_WARN_ENUM_CONVERSION = YES;
				CLANG_WARN_INT_CONVERSION = YES;
				CLANG_WARN_OBJC_ROOT_CLASS = YES_ERROR;
				CLANG_WARN_UNREACHABLE_CODE = YES;
				CLANG_WARN__DUPLICATE_METHOD_MATCH = YES;
				CODE_SIGN_IDENTITY = "-";
				COPY_PHASE_STRIP = NO;
				DEBUG_INFORMATION_FORMAT = dwarf;
				ENABLE_STRICT_OBJC_MSGSEND = YES;
				ENABLE_TESTABILITY = YES;
				GCC_C_LANGUAGE_STANDARD = gnu99;
				GCC_DYNAMIC_NO_PIC = NO;
				GCC_NO_COMMON_BLOCKS = YES;
				GCC_OPTIMIZATION_LEVEL = 0;
				GCC_PREPROCESSOR_DEFINITIONS = (
					"DEBUG=1",
					"$(inherited)",
				);
				GCC_WARN_64_TO_32_BIT_CONVERSION = YES;
				GCC_WARN_ABOUT_RETURN_TYPE = YES_ERROR;
				GCC_WARN_UNDECLARED_SELECTOR = YES;
				GCC_WARN_UNINITIALIZED_AUTOS = YES_AGGRESSIVE;
				GCC_WARN_UNUSED_FUNCTION = YES;
				GCC_WARN_UNUSED_VARIABLE = YES;
				MACOSX_DEPLOYMENT_TARGET = 10.11;
				MTL_ENABLE_DEBUG_INFO = YES;
				ONLY_ACTIVE_ARCH = YES;
				SDKROOT = macosx;
				SWIFT_OPTIMIZATION_LEVEL = "-Onone";
			};
			name = Debug;
		};
		E539327A1CD97CD000B5B329 /* Release */ = {
			isa = XCBuildConfiguration;
			buildSettings = {
				ALWAYS_SEARCH_USER_PATHS = NO;
				CLANG_ANALYZER_NONNULL = YES;
				CLANG_CXX_LANGUAGE_STANDARD = "gnu++0x";
				CLANG_CXX_LIBRARY = "libc++";
				CLANG_ENABLE_MODULES = YES;
				CLANG_ENABLE_OBJC_ARC = YES;
				CLANG_WARN_BOOL_CONVERSION = YES;
				CLANG_WARN_CONSTANT_CONVERSION = YES;
				CLANG_WARN_DIRECT_OBJC_ISA_USAGE = YES_ERROR;
				CLANG_WARN_EMPTY_BODY = YES;
				CLANG_WARN_ENUM_CONVERSION = YES;
				CLANG_WARN_INT_CONVERSION = YES;
				CLANG_WARN_OBJC_ROOT_CLASS = YES_ERROR;
				CLANG_WARN_UNREACHABLE_CODE = YES;
				CLANG_WARN__DUPLICATE_METHOD_MATCH = YES;
				CODE_SIGN_IDENTITY = "-";
				COPY_PHASE_STRIP = NO;
				DEBUG_INFORMATION_FORMAT = "dwarf-with-dsym";
				ENABLE_NS_ASSERTIONS = NO;
				ENABLE_STRICT_OBJC_MSGSEND = YES;
				GCC_C_LANGUAGE_STANDARD = gnu99;
				GCC_NO_COMMON_BLOCKS = YES;
				GCC_WARN_64_TO_32_BIT_CONVERSION = YES;
				GCC_WARN_ABOUT_RETURN_TYPE = YES_ERROR;
				GCC_WARN_UNDECLARED_SELECTOR = YES;
				GCC_WARN_UNINITIALIZED_AUTOS = YES_AGGRESSIVE;
				GCC_WARN_UNUSED_FUNCTION = YES;
				GCC_WARN_UNUSED_VARIABLE = YES;
				MACOSX_DEPLOYMENT_TARGET = 10.11;
				MTL_ENABLE_DEBUG_INFO = NO;
				SDKROOT = macosx;
			};
			name = Release;
		};
		E539327C1CD97CD000B5B329 /* Debug */ = {
			isa = XCBuildConfiguration;
			buildSettings = {
				ASSETCATALOG_COMPILER_APPICON_NAME = AppIcon;
				COMBINE_HIDPI_IMAGES = YES;
				INFOPLIST_FILE = uncognito/Info.plist;
				LD_RUNPATH_SEARCH_PATHS = "$(inherited) @executable_path/../Frameworks";
				PRODUCT_BUNDLE_IDENTIFIER = com.akskmb.uncognito;
				PRODUCT_NAME = "$(TARGET_NAME)";
			};
			name = Debug;
		};
		E539327D1CD97CD000B5B329 /* Release */ = {
			isa = XCBuildConfiguration;
			buildSettings = {
				ASSETCATALOG_COMPILER_APPICON_NAME = AppIcon;
				COMBINE_HIDPI_IMAGES = YES;
				INFOPLIST_FILE = uncognito/Info.plist;
				LD_RUNPATH_SEARCH_PATHS = "$(inherited) @executable_path/../Frameworks";
				PRODUCT_BUNDLE_IDENTIFIER = com.akskmb.uncognito;
				PRODUCT_NAME = "$(TARGET_NAME)";
			};
			name = Release;
		};
/* End XCBuildConfiguration section */

/* Begin XCConfigurationList section */
		E53932691CD97CD000B5B329 /* Build configuration list for PBXProject "uncognito" */ = {
			isa = XCConfigurationList;
			buildConfigurations = (
				E53932791CD97CD000B5B329 /* Debug */,
				E539327A1CD97CD000B5B329 /* Release */,
			);
			defaultConfigurationIsVisible = 0;
			defaultConfigurationName = Release;
		};
		E539327B1CD97CD000B5B329 /* Build configuration list for PBXNativeTarget "uncognito" */ = {
			isa = XCConfigurationList;
			buildConfigurations = (
				E539327C1CD97CD000B5B329 /* Debug */,
				E539327D1CD97CD000B5B329 /* Release */,
			);
			defaultConfigurationIsVisible = 0;
		};
/* End XCConfigurationList section */
	};
	rootObject = E53932661CD97CD000B5B329 /* Project object */;
}
